// !$*UTF8*$!
{
	archiveVersion = 1;
	classes = {
	};
	objectVersion = 51;
	objects = {

/* Begin PBXBuildFile section */
		7E6E2C8C2588B65E00CF63E0 /* SearchVC.swift in Sources */ = {isa = PBXBuildFile; fileRef = 7E6E2C8B2588B65E00CF63E0 /* SearchVC.swift */; };
		7E6E2C902588B76900CF63E0 /* EvaluateVC.swift in Sources */ = {isa = PBXBuildFile; fileRef = 7E6E2C8F2588B76900CF63E0 /* EvaluateVC.swift */; };
		7E6E2C952588B7AD00CF63E0 /* NewsVC.swift in Sources */ = {isa = PBXBuildFile; fileRef = 7E6E2C942588B7AD00CF63E0 /* NewsVC.swift */; };
		7E6E2C982588B80600CF63E0 /* ProfileVC.swift in Sources */ = {isa = PBXBuildFile; fileRef = 7E6E2C972588B80600CF63E0 /* ProfileVC.swift */; };
		7E838A3C2588DB4200A235CB /* MenuBarView.swift in Sources */ = {isa = PBXBuildFile; fileRef = 7E838A3B2588DB4200A235CB /* MenuBarView.swift */; };
		7E838A3F2588E6A400A235CB /* CommonCollectionViewCell.swift in Sources */ = {isa = PBXBuildFile; fileRef = 7E838A3E2588E6A400A235CB /* CommonCollectionViewCell.swift */; };
		7E838A42258988FF00A235CB /* UIFont+Extension.swift in Sources */ = {isa = PBXBuildFile; fileRef = 7E838A41258988FF00A235CB /* UIFont+Extension.swift */; };
		7E838A4525898FD100A235CB /* UIColor+Extension.swift in Sources */ = {isa = PBXBuildFile; fileRef = 7E838A4425898FD100A235CB /* UIColor+Extension.swift */; };
		7EBE4B992588AA8100B81E7C /* AppDelegate.swift in Sources */ = {isa = PBXBuildFile; fileRef = 7EBE4B982588AA8100B81E7C /* AppDelegate.swift */; };
		7EBE4B9D2588AA8100B81E7C /* HomeVC.swift in Sources */ = {isa = PBXBuildFile; fileRef = 7EBE4B9C2588AA8100B81E7C /* HomeVC.swift */; };
		7EBE4BA22588AA8400B81E7C /* Assets.xcassets in Resources */ = {isa = PBXBuildFile; fileRef = 7EBE4BA12588AA8400B81E7C /* Assets.xcassets */; };
		7EBE4BA52588AA8400B81E7C /* LaunchScreen.storyboard in Resources */ = {isa = PBXBuildFile; fileRef = 7EBE4BA32588AA8400B81E7C /* LaunchScreen.storyboard */; };
		CA4D1D883C5A1C8BA3FDCE93 /* Pods_CloneWatchaPedia.framework in Frameworks */ = {isa = PBXBuildFile; fileRef = D1BB36FBED9D9698A35B7557 /* Pods_CloneWatchaPedia.framework */; };
/* End PBXBuildFile section */

/* Begin PBXFileReference section */
		32568B5CAFFF3B0BA0F97F97 /* Pods-CloneWatchaPedia.release.xcconfig */ = {isa = PBXFileReference; includeInIndex = 1; lastKnownFileType = text.xcconfig; name = "Pods-CloneWatchaPedia.release.xcconfig"; path = "Target Support Files/Pods-CloneWatchaPedia/Pods-CloneWatchaPedia.release.xcconfig"; sourceTree = "<group>"; };
		7E6E2C8B2588B65E00CF63E0 /* SearchVC.swift */ = {isa = PBXFileReference; lastKnownFileType = sourcecode.swift; path = SearchVC.swift; sourceTree = "<group>"; };
		7E6E2C8F2588B76900CF63E0 /* EvaluateVC.swift */ = {isa = PBXFileReference; lastKnownFileType = sourcecode.swift; path = EvaluateVC.swift; sourceTree = "<group>"; };
		7E6E2C942588B7AD00CF63E0 /* NewsVC.swift */ = {isa = PBXFileReference; lastKnownFileType = sourcecode.swift; path = NewsVC.swift; sourceTree = "<group>"; };
		7E6E2C972588B80600CF63E0 /* ProfileVC.swift */ = {isa = PBXFileReference; lastKnownFileType = sourcecode.swift; path = ProfileVC.swift; sourceTree = "<group>"; };
		7E838A3B2588DB4200A235CB /* MenuBarView.swift */ = {isa = PBXFileReference; lastKnownFileType = sourcecode.swift; path = MenuBarView.swift; sourceTree = "<group>"; };
		7E838A3E2588E6A400A235CB /* CommonCollectionViewCell.swift */ = {isa = PBXFileReference; lastKnownFileType = sourcecode.swift; path = CommonCollectionViewCell.swift; sourceTree = "<group>"; };
		7E838A41258988FF00A235CB /* UIFont+Extension.swift */ = {isa = PBXFileReference; lastKnownFileType = sourcecode.swift; path = "UIFont+Extension.swift"; sourceTree = "<group>"; };
		7E838A4425898FD100A235CB /* UIColor+Extension.swift */ = {isa = PBXFileReference; lastKnownFileType = sourcecode.swift; path = "UIColor+Extension.swift"; sourceTree = "<group>"; };
		7EBE4B952588AA8100B81E7C /* CloneWatchaPedia.app */ = {isa = PBXFileReference; explicitFileType = wrapper.application; includeInIndex = 0; path = CloneWatchaPedia.app; sourceTree = BUILT_PRODUCTS_DIR; };
		7EBE4B982588AA8100B81E7C /* AppDelegate.swift */ = {isa = PBXFileReference; lastKnownFileType = sourcecode.swift; path = AppDelegate.swift; sourceTree = "<group>"; };
		7EBE4B9C2588AA8100B81E7C /* HomeVC.swift */ = {isa = PBXFileReference; lastKnownFileType = sourcecode.swift; path = HomeVC.swift; sourceTree = "<group>"; };
		7EBE4BA12588AA8400B81E7C /* Assets.xcassets */ = {isa = PBXFileReference; lastKnownFileType = folder.assetcatalog; path = Assets.xcassets; sourceTree = "<group>"; };
		7EBE4BA42588AA8400B81E7C /* Base */ = {isa = PBXFileReference; lastKnownFileType = file.storyboard; name = Base; path = Base.lproj/LaunchScreen.storyboard; sourceTree = "<group>"; };
		7EBE4BA62588AA8400B81E7C /* Info.plist */ = {isa = PBXFileReference; lastKnownFileType = text.plist.xml; path = Info.plist; sourceTree = "<group>"; };
		C2562FC6265038B846D5F1F7 /* Pods-CloneWatchaPedia.debug.xcconfig */ = {isa = PBXFileReference; includeInIndex = 1; lastKnownFileType = text.xcconfig; name = "Pods-CloneWatchaPedia.debug.xcconfig"; path = "Target Support Files/Pods-CloneWatchaPedia/Pods-CloneWatchaPedia.debug.xcconfig"; sourceTree = "<group>"; };
		D1BB36FBED9D9698A35B7557 /* Pods_CloneWatchaPedia.framework */ = {isa = PBXFileReference; explicitFileType = wrapper.framework; includeInIndex = 0; path = Pods_CloneWatchaPedia.framework; sourceTree = BUILT_PRODUCTS_DIR; };
/* End PBXFileReference section */

/* Begin PBXFrameworksBuildPhase section */
		7EBE4B922588AA8100B81E7C /* Frameworks */ = {
			isa = PBXFrameworksBuildPhase;
			buildActionMask = 2147483647;
			files = (
				CA4D1D883C5A1C8BA3FDCE93 /* Pods_CloneWatchaPedia.framework in Frameworks */,
			);
			runOnlyForDeploymentPostprocessing = 0;
		};
/* End PBXFrameworksBuildPhase section */

/* Begin PBXGroup section */
		7E6E2C8E2588B6DA00CF63E0 /* View */ = {
			isa = PBXGroup;
			children = (
				7EBE4B9C2588AA8100B81E7C /* HomeVC.swift */,
				7E6E2C8B2588B65E00CF63E0 /* SearchVC.swift */,
				7E6E2C8F2588B76900CF63E0 /* EvaluateVC.swift */,
				7E6E2C942588B7AD00CF63E0 /* NewsVC.swift */,
				7E6E2C972588B80600CF63E0 /* ProfileVC.swift */,
				7E838A3B2588DB4200A235CB /* MenuBarView.swift */,
				7E838A3E2588E6A400A235CB /* CommonCollectionViewCell.swift */,
			);
			path = View;
			sourceTree = "<group>";
		};
		7EBE4B8C2588AA8100B81E7C = {
			isa = PBXGroup;
			children = (
				7EBE4B972588AA8100B81E7C /* CloneWatchaPedia */,
				7EBE4B962588AA8100B81E7C /* Products */,
				83C856B212E570D80DBE14A1 /* Pods */,
				D7C8C97140981B53FA9B6B8B /* Frameworks */,
			);
			sourceTree = "<group>";
		};
		7EBE4B962588AA8100B81E7C /* Products */ = {
			isa = PBXGroup;
			children = (
				7EBE4B952588AA8100B81E7C /* CloneWatchaPedia.app */,
			);
			name = Products;
			sourceTree = "<group>";
		};
		7EBE4B972588AA8100B81E7C /* CloneWatchaPedia */ = {
			isa = PBXGroup;
			children = (
				7E6E2C8E2588B6DA00CF63E0 /* View */,
				7EBE4B982588AA8100B81E7C /* AppDelegate.swift */,
				7EBE4BA12588AA8400B81E7C /* Assets.xcassets */,
				7EBE4BA32588AA8400B81E7C /* LaunchScreen.storyboard */,
				7EBE4BA62588AA8400B81E7C /* Info.plist */,
				7E838A41258988FF00A235CB /* UIFont+Extension.swift */,
				7E838A4425898FD100A235CB /* UIColor+Extension.swift */,
			);
			path = CloneWatchaPedia;
			sourceTree = "<group>";
		};
		83C856B212E570D80DBE14A1 /* Pods */ = {
			isa = PBXGroup;
			children = (
				C2562FC6265038B846D5F1F7 /* Pods-CloneWatchaPedia.debug.xcconfig */,
				32568B5CAFFF3B0BA0F97F97 /* Pods-CloneWatchaPedia.release.xcconfig */,
			);
			path = Pods;
			sourceTree = "<group>";
		};
		D7C8C97140981B53FA9B6B8B /* Frameworks */ = {
			isa = PBXGroup;
			children = (
				D1BB36FBED9D9698A35B7557 /* Pods_CloneWatchaPedia.framework */,
			);
			name = Frameworks;
			sourceTree = "<group>";
		};
/* End PBXGroup section */

/* Begin PBXNativeTarget section */
		7EBE4B942588AA8100B81E7C /* CloneWatchaPedia */ = {
			isa = PBXNativeTarget;
			buildConfigurationList = 7EBE4BA92588AA8400B81E7C /* Build configuration list for PBXNativeTarget "CloneWatchaPedia" */;
			buildPhases = (
				E680A88C3830E2C94D8BD611 /* [CP] Check Pods Manifest.lock */,
				7EBE4B912588AA8100B81E7C /* Sources */,
				7EBE4B922588AA8100B81E7C /* Frameworks */,
				7EBE4B932588AA8100B81E7C /* Resources */,
				EA13E816340C3FFAA78F82D8 /* [CP] Embed Pods Frameworks */,
			);
			buildRules = (
			);
			dependencies = (
			);
			name = CloneWatchaPedia;
			productName = CloneWatchaPedia;
			productReference = 7EBE4B952588AA8100B81E7C /* CloneWatchaPedia.app */;
			productType = "com.apple.product-type.application";
		};
/* End PBXNativeTarget section */

/* Begin PBXProject section */
		7EBE4B8D2588AA8100B81E7C /* Project object */ = {
			isa = PBXProject;
			attributes = {
				LastSwiftUpdateCheck = 1220;
				LastUpgradeCheck = 1220;
				TargetAttributes = {
					7EBE4B942588AA8100B81E7C = {
						CreatedOnToolsVersion = 12.2;
					};
				};
			};
			buildConfigurationList = 7EBE4B902588AA8100B81E7C /* Build configuration list for PBXProject "CloneWatchaPedia" */;
			compatibilityVersion = "Xcode 9.3";
			developmentRegion = en;
			hasScannedForEncodings = 0;
			knownRegions = (
				en,
				Base,
			);
			mainGroup = 7EBE4B8C2588AA8100B81E7C;
			productRefGroup = 7EBE4B962588AA8100B81E7C /* Products */;
			projectDirPath = "";
			projectRoot = "";
			targets = (
				7EBE4B942588AA8100B81E7C /* CloneWatchaPedia */,
			);
		};
/* End PBXProject section */

/* Begin PBXResourcesBuildPhase section */
		7EBE4B932588AA8100B81E7C /* Resources */ = {
			isa = PBXResourcesBuildPhase;
			buildActionMask = 2147483647;
			files = (
				7EBE4BA52588AA8400B81E7C /* LaunchScreen.storyboard in Resources */,
				7EBE4BA22588AA8400B81E7C /* Assets.xcassets in Resources */,
			);
			runOnlyForDeploymentPostprocessing = 0;
		};
/* End PBXResourcesBuildPhase section */

/* Begin PBXShellScriptBuildPhase section */
		E680A88C3830E2C94D8BD611 /* [CP] Check Pods Manifest.lock */ = {
			isa = PBXShellScriptBuildPhase;
			buildActionMask = 2147483647;
			files = (
			);
			inputFileListPaths = (
			);
			inputPaths = (
				"${PODS_PODFILE_DIR_PATH}/Podfile.lock",
				"${PODS_ROOT}/Manifest.lock",
			);
			name = "[CP] Check Pods Manifest.lock";
			outputFileListPaths = (
			);
			outputPaths = (
				"$(DERIVED_FILE_DIR)/Pods-CloneWatchaPedia-checkManifestLockResult.txt",
			);
			runOnlyForDeploymentPostprocessing = 0;
			shellPath = /bin/sh;
			shellScript = "diff \"${PODS_PODFILE_DIR_PATH}/Podfile.lock\" \"${PODS_ROOT}/Manifest.lock\" > /dev/null\nif [ $? != 0 ] ; then\n    # print error to STDERR\n    echo \"error: The sandbox is not in sync with the Podfile.lock. Run 'pod install' or update your CocoaPods installation.\" >&2\n    exit 1\nfi\n# This output is used by Xcode 'outputs' to avoid re-running this script phase.\necho \"SUCCESS\" > \"${SCRIPT_OUTPUT_FILE_0}\"\n";
			showEnvVarsInLog = 0;
		};
		EA13E816340C3FFAA78F82D8 /* [CP] Embed Pods Frameworks */ = {
			isa = PBXShellScriptBuildPhase;
			buildActionMask = 2147483647;
			files = (
			);
			inputFileListPaths = (
				"${PODS_ROOT}/Target Support Files/Pods-CloneWatchaPedia/Pods-CloneWatchaPedia-frameworks-${CONFIGURATION}-input-files.xcfilelist",
			);
			name = "[CP] Embed Pods Frameworks";
			outputFileListPaths = (
				"${PODS_ROOT}/Target Support Files/Pods-CloneWatchaPedia/Pods-CloneWatchaPedia-frameworks-${CONFIGURATION}-output-files.xcfilelist",
			);
			runOnlyForDeploymentPostprocessing = 0;
			shellPath = /bin/sh;
			shellScript = "\"${PODS_ROOT}/Target Support Files/Pods-CloneWatchaPedia/Pods-CloneWatchaPedia-frameworks.sh\"\n";
			showEnvVarsInLog = 0;
		};
/* End PBXShellScriptBuildPhase section */

/* Begin PBXSourcesBuildPhase section */
		7EBE4B912588AA8100B81E7C /* Sources */ = {
			isa = PBXSourcesBuildPhase;
			buildActionMask = 2147483647;
			files = (
				7E6E2C982588B80600CF63E0 /* ProfileVC.swift in Sources */,
				7E838A3F2588E6A400A235CB /* CommonCollectionViewCell.swift in Sources */,
				7E6E2C902588B76900CF63E0 /* EvaluateVC.swift in Sources */,
				7E838A3C2588DB4200A235CB /* MenuBarView.swift in Sources */,
				7E6E2C8C2588B65E00CF63E0 /* SearchVC.swift in Sources */,
				7EBE4B9D2588AA8100B81E7C /* HomeVC.swift in Sources */,
				7E838A42258988FF00A235CB /* UIFont+Extension.swift in Sources */,
				7EBE4B992588AA8100B81E7C /* AppDelegate.swift in Sources */,
				7E6E2C952588B7AD00CF63E0 /* NewsVC.swift in Sources */,
				7E838A4525898FD100A235CB /* UIColor+Extension.swift in Sources */,
			);
			runOnlyForDeploymentPostprocessing = 0;
		};
/* End PBXSourcesBuildPhase section */

/* Begin PBXVariantGroup section */
		7EBE4BA32588AA8400B81E7C /* LaunchScreen.storyboard */ = {
			isa = PBXVariantGroup;
			children = (
				7EBE4BA42588AA8400B81E7C /* Base */,
			);
			name = LaunchScreen.storyboard;
			sourceTree = "<group>";
		};
/* End PBXVariantGroup section */

/* Begin XCBuildConfiguration section */
		7EBE4BA72588AA8400B81E7C /* Debug */ = {
			isa = XCBuildConfiguration;
			buildSettings = {
				ALWAYS_SEARCH_USER_PATHS = NO;
				CLANG_ANALYZER_NONNULL = YES;
				CLANG_ANALYZER_NUMBER_OBJECT_CONVERSION = YES_AGGRESSIVE;
				CLANG_CXX_LANGUAGE_STANDARD = "gnu++14";
				CLANG_CXX_LIBRARY = "libc++";
				CLANG_ENABLE_MODULES = YES;
				CLANG_ENABLE_OBJC_ARC = YES;
				CLANG_ENABLE_OBJC_WEAK = YES;
				CLANG_WARN_BLOCK_CAPTURE_AUTORELEASING = YES;
				CLANG_WARN_BOOL_CONVERSION = YES;
				CLANG_WARN_COMMA = YES;
				CLANG_WARN_CONSTANT_CONVERSION = YES;
				CLANG_WARN_DEPRECATED_OBJC_IMPLEMENTATIONS = YES;
				CLANG_WARN_DIRECT_OBJC_ISA_USAGE = YES_ERROR;
				CLANG_WARN_DOCUMENTATION_COMMENTS = YES;
				CLANG_WARN_EMPTY_BODY = YES;
				CLANG_WARN_ENUM_CONVERSION = YES;
				CLANG_WARN_INFINITE_RECURSION = YES;
				CLANG_WARN_INT_CONVERSION = YES;
				CLANG_WARN_NON_LITERAL_NULL_CONVERSION = YES;
				CLANG_WARN_OBJC_IMPLICIT_RETAIN_SELF = YES;
				CLANG_WARN_OBJC_LITERAL_CONVERSION = YES;
				CLANG_WARN_OBJC_ROOT_CLASS = YES_ERROR;
				CLANG_WARN_QUOTED_INCLUDE_IN_FRAMEWORK_HEADER = YES;
				CLANG_WARN_RANGE_LOOP_ANALYSIS = YES;
				CLANG_WARN_STRICT_PROTOTYPES = YES;
				CLANG_WARN_SUSPICIOUS_MOVE = YES;
				CLANG_WARN_UNGUARDED_AVAILABILITY = YES_AGGRESSIVE;
				CLANG_WARN_UNREACHABLE_CODE = YES;
				CLANG_WARN__DUPLICATE_METHOD_MATCH = YES;
				COPY_PHASE_STRIP = NO;
				DEBUG_INFORMATION_FORMAT = dwarf;
				ENABLE_STRICT_OBJC_MSGSEND = YES;
				ENABLE_TESTABILITY = YES;
				GCC_C_LANGUAGE_STANDARD = gnu11;
				GCC_DYNAMIC_NO_PIC = NO;
				GCC_NO_COMMON_BLOCKS = YES;
				GCC_OPTIMIZATION_LEVEL = 0;
				GCC_PREPROCESSOR_DEFINITIONS = (
					"DEBUG=1",
					"$(inherited)",
				);
				GCC_WARN_64_TO_32_BIT_CONVERSION = YES;
				GCC_WARN_ABOUT_RETURN_TYPE = YES_ERROR;
				GCC_WARN_UNDECLARED_SELECTOR = YES;
				GCC_WARN_UNINITIALIZED_AUTOS = YES_AGGRESSIVE;
				GCC_WARN_UNUSED_FUNCTION = YES;
				GCC_WARN_UNUSED_VARIABLE = YES;
				IPHONEOS_DEPLOYMENT_TARGET = 14.2;
				MTL_ENABLE_DEBUG_INFO = INCLUDE_SOURCE;
				MTL_FAST_MATH = YES;
				ONLY_ACTIVE_ARCH = YES;
				SDKROOT = iphoneos;
				SWIFT_ACTIVE_COMPILATION_CONDITIONS = DEBUG;
				SWIFT_OPTIMIZATION_LEVEL = "-Onone";
			};
			name = Debug;
		};
		7EBE4BA82588AA8400B81E7C /* Release */ = {
			isa = XCBuildConfiguration;
			buildSettings = {
				ALWAYS_SEARCH_USER_PATHS = NO;
				CLANG_ANALYZER_NONNULL = YES;
				CLANG_ANALYZER_NUMBER_OBJECT_CONVERSION = YES_AGGRESSIVE;
				CLANG_CXX_LANGUAGE_STANDARD = "gnu++14";
				CLANG_CXX_LIBRARY = "libc++";
				CLANG_ENABLE_MODULES = YES;
				CLANG_ENABLE_OBJC_ARC = YES;
				CLANG_ENABLE_OBJC_WEAK = YES;
				CLANG_WARN_BLOCK_CAPTURE_AUTORELEASING = YES;
				CLANG_WARN_BOOL_CONVERSION = YES;
				CLANG_WARN_COMMA = YES;
				CLANG_WARN_CONSTANT_CONVERSION = YES;
				CLANG_WARN_DEPRECATED_OBJC_IMPLEMENTATIONS = YES;
				CLANG_WARN_DIRECT_OBJC_ISA_USAGE = YES_ERROR;
				CLANG_WARN_DOCUMENTATION_COMMENTS = YES;
				CLANG_WARN_EMPTY_BODY = YES;
				CLANG_WARN_ENUM_CONVERSION = YES;
				CLANG_WARN_INFINITE_RECURSION = YES;
				CLANG_WARN_INT_CONVERSION = YES;
				CLANG_WARN_NON_LITERAL_NULL_CONVERSION = YES;
				CLANG_WARN_OBJC_IMPLICIT_RETAIN_SELF = YES;
				CLANG_WARN_OBJC_LITERAL_CONVERSION = YES;
				CLANG_WARN_OBJC_ROOT_CLASS = YES_ERROR;
				CLANG_WARN_QUOTED_INCLUDE_IN_FRAMEWORK_HEADER = YES;
				CLANG_WARN_RANGE_LOOP_ANALYSIS = YES;
				CLANG_WARN_STRICT_PROTOTYPES = YES;
				CLANG_WARN_SUSPICIOUS_MOVE = YES;
				CLANG_WARN_UNGUARDED_AVAILABILITY = YES_AGGRESSIVE;
				CLANG_WARN_UNREACHABLE_CODE = YES;
				CLANG_WARN__DUPLICATE_METHOD_MATCH = YES;
				COPY_PHASE_STRIP = NO;
				DEBUG_INFORMATION_FORMAT = "dwarf-with-dsym";
				ENABLE_NS_ASSERTIONS = NO;
				ENABLE_STRICT_OBJC_MSGSEND = YES;
				GCC_C_LANGUAGE_STANDARD = gnu11;
				GCC_NO_COMMON_BLOCKS = YES;
				GCC_WARN_64_TO_32_BIT_CONVERSION = YES;
				GCC_WARN_ABOUT_RETURN_TYPE = YES_ERROR;
				GCC_WARN_UNDECLARED_SELECTOR = YES;
				GCC_WARN_UNINITIALIZED_AUTOS = YES_AGGRESSIVE;
				GCC_WARN_UNUSED_FUNCTION = YES;
				GCC_WARN_UNUSED_VARIABLE = YES;
				IPHONEOS_DEPLOYMENT_TARGET = 14.2;
				MTL_ENABLE_DEBUG_INFO = NO;
				MTL_FAST_MATH = YES;
				SDKROOT = iphoneos;
				SWIFT_COMPILATION_MODE = wholemodule;
				SWIFT_OPTIMIZATION_LEVEL = "-O";
				VALIDATE_PRODUCT = YES;
			};
			name = Release;
		};
		7EBE4BAA2588AA8400B81E7C /* Debug */ = {
			isa = XCBuildConfiguration;
			baseConfigurationReference = C2562FC6265038B846D5F1F7 /* Pods-CloneWatchaPedia.debug.xcconfig */;
			buildSettings = {
				ASSETCATALOG_COMPILER_APPICON_NAME = AppIcon;
				ASSETCATALOG_COMPILER_GLOBAL_ACCENT_COLOR_NAME = AccentColor;
				CODE_SIGN_STYLE = Automatic;
				DEVELOPMENT_TEAM = X6LA4P7TFP;
				INFOPLIST_FILE = CloneWatchaPedia/Info.plist;
				IPHONEOS_DEPLOYMENT_TARGET = 14.3;
				LD_RUNPATH_SEARCH_PATHS = (
					"$(inherited)",
					"@executable_path/Frameworks",
				);
				PRODUCT_BUNDLE_IDENTIFIER = com.devyhan93.CloneWatchaPedia;
				PRODUCT_NAME = "$(TARGET_NAME)";
				SWIFT_VERSION = 5.0;
				TARGETED_DEVICE_FAMILY = "1,2";
			};
			name = Debug;
		};
		7EBE4BAB2588AA8400B81E7C /* Release */ = {
			isa = XCBuildConfiguration;
			baseConfigurationReference = 32568B5CAFFF3B0BA0F97F97 /* Pods-CloneWatchaPedia.release.xcconfig */;
			buildSettings = {
				ASSETCATALOG_COMPILER_APPICON_NAME = AppIcon;
				ASSETCATALOG_COMPILER_GLOBAL_ACCENT_COLOR_NAME = AccentColor;
				CODE_SIGN_STYLE = Automatic;
				DEVELOPMENT_TEAM = X6LA4P7TFP;
				INFOPLIST_FILE = CloneWatchaPedia/Info.plist;
				IPHONEOS_DEPLOYMENT_TARGET = 14.3;
				LD_RUNPATH_SEARCH_PATHS = (
					"$(inherited)",
					"@executable_path/Frameworks",
				);
				PRODUCT_BUNDLE_IDENTIFIER = com.devyhan93.CloneWatchaPedia;
				PRODUCT_NAME = "$(TARGET_NAME)";
				SWIFT_VERSION = 5.0;
				TARGETED_DEVICE_FAMILY = "1,2";
			};
			name = Release;
		};
/* End XCBuildConfiguration section */

/* Begin XCConfigurationList section */
		7EBE4B902588AA8100B81E7C /* Build configuration list for PBXProject "CloneWatchaPedia" */ = {
			isa = XCConfigurationList;
			buildConfigurations = (
				7EBE4BA72588AA8400B81E7C /* Debug */,
				7EBE4BA82588AA8400B81E7C /* Release */,
			);
			defaultConfigurationIsVisible = 0;
			defaultConfigurationName = Release;
		};
		7EBE4BA92588AA8400B81E7C /* Build configuration list for PBXNativeTarget "CloneWatchaPedia" */ = {
			isa = XCConfigurationList;
			buildConfigurations = (
				7EBE4BAA2588AA8400B81E7C /* Debug */,
				7EBE4BAB2588AA8400B81E7C /* Release */,
			);
			defaultConfigurationIsVisible = 0;
			defaultConfigurationName = Release;
		};
/* End XCConfigurationList section */
	};
	rootObject = 7EBE4B8D2588AA8100B81E7C /* Project object */;
}
